
Microsoft Visual Studio Solution File, Format Version 12.00
# Visual Studio Version 16
VisualStudioVersion = 16.0.29911.84
MinimumVisualStudioVersion = 10.0.40219.1
Project("{8BC9CEB8-8B4A-11D0-8D11-00A0C91BC942}") = "CryptoFile", "CryptoFile\CryptoFile.vcxproj", "{7DC58AD9-457E-4C63-AF55-77D541670D57}"
EndProject
Global
	GlobalSection(SolutionConfigurationPlatforms) = preSolution
		Debug|x64 = Debug|x64
		Debug|x86 = Debug|x86
		Release|x64 = Release|x64
		Release|x86 = Release|x86
	EndGlobalSection
	GlobalSection(ProjectConfigurationPlatforms) = postSolution
		{7DC58AD9-457E-4C63-AF55-77D541670D57}.Debug|x64.ActiveCfg = Debug|x64
		{7DC58AD9-457E-4C63-AF55-77D541670D57}.Debug|x64.Build.0 = Debug|x64
		{7DC58AD9-457E-4C63-AF55-77D541670D57}.Debug|x86.ActiveCfg = Debug|Win32
		{7DC58AD9-457E-4C63-AF55-77D541670D57}.Debug|x86.Build.0 = Debug|Win32
		{7DC58AD9-457E-4C63-AF55-77D541670D57}.Release|x64.ActiveCfg = Release|x64
		{7DC58AD9-457E-4C63-AF55-77D541670D57}.Release|x64.Build.0 = Release|x64
		{7DC58AD9-457E-4C63-AF55-77D541670D57}.Release|x86.ActiveCfg = Release|Win32
		{7DC58AD9-457E-4C63-AF55-77D541670D57}.Release|x86.Build.0 = Release|Win32
	EndGlobalSection
	GlobalSection(SolutionProperties) = preSolution
		HideSolutionNode = FALSE
	EndGlobalSection
	GlobalSection(ExtensibilityGlobals) = postSolution
		SolutionGuid = {578B241D-FE94-426B-A8E8-690DC8A68D61}
	EndGlobalSection
EndGlobal
